// !$*UTF8*$!
{
	archiveVersion = 1;
	classes = {
	};
	objectVersion = 46;
	objects = {

/* Begin PBXBuildFile section */
		18AD24DE1E5ACEC100686EA3 /* AppDelegate.swift in Sources */ = {isa = PBXBuildFile; fileRef = 18AD24DD1E5ACEC100686EA3 /* AppDelegate.swift */; };
		18AD24E01E5ACEC100686EA3 /* ViewController.swift in Sources */ = {isa = PBXBuildFile; fileRef = 18AD24DF1E5ACEC100686EA3 /* ViewController.swift */; };
		18AD24E31E5ACEC100686EA3 /* Main.storyboard in Resources */ = {isa = PBXBuildFile; fileRef = 18AD24E11E5ACEC100686EA3 /* Main.storyboard */; };
		18AD24E61E5ACEC100686EA3 /* SwiftInke.xcdatamodeld in Sources */ = {isa = PBXBuildFile; fileRef = 18AD24E41E5ACEC100686EA3 /* SwiftInke.xcdatamodeld */; };
		18AD24E81E5ACEC100686EA3 /* Assets.xcassets in Resources */ = {isa = PBXBuildFile; fileRef = 18AD24E71E5ACEC100686EA3 /* Assets.xcassets */; };
		18AD24EB1E5ACEC100686EA3 /* LaunchScreen.storyboard in Resources */ = {isa = PBXBuildFile; fileRef = 18AD24E91E5ACEC100686EA3 /* LaunchScreen.storyboard */; };
		18AD24F61E5ACEC100686EA3 /* SwiftInkeTests.swift in Sources */ = {isa = PBXBuildFile; fileRef = 18AD24F51E5ACEC100686EA3 /* SwiftInkeTests.swift */; };
		18AD25011E5ACEC100686EA3 /* SwiftInkeUITests.swift in Sources */ = {isa = PBXBuildFile; fileRef = 18AD25001E5ACEC100686EA3 /* SwiftInkeUITests.swift */; };
/* End PBXBuildFile section */

/* Begin PBXContainerItemProxy section */
		18AD24F21E5ACEC100686EA3 /* PBXContainerItemProxy */ = {
			isa = PBXContainerItemProxy;
			containerPortal = 18AD24D21E5ACEC100686EA3 /* Project object */;
			proxyType = 1;
			remoteGlobalIDString = 18AD24D91E5ACEC100686EA3;
			remoteInfo = SwiftInke;
		};
		18AD24FD1E5ACEC100686EA3 /* PBXContainerItemProxy */ = {
			isa = PBXContainerItemProxy;
			containerPortal = 18AD24D21E5ACEC100686EA3 /* Project object */;
			proxyType = 1;
			remoteGlobalIDString = 18AD24D91E5ACEC100686EA3;
			remoteInfo = SwiftInke;
		};
/* End PBXContainerItemProxy section */

/* Begin PBXFileReference section */
		18AD24DA1E5ACEC100686EA3 /* SwiftInke.app */ = {isa = PBXFileReference; explicitFileType = wrapper.application; includeInIndex = 0; path = SwiftInke.app; sourceTree = BUILT_PRODUCTS_DIR; };
		18AD24DD1E5ACEC100686EA3 /* AppDelegate.swift */ = {isa = PBXFileReference; lastKnownFileType = sourcecode.swift; path = AppDelegate.swift; sourceTree = "<group>"; };
		18AD24DF1E5ACEC100686EA3 /* ViewController.swift */ = {isa = PBXFileReference; lastKnownFileType = sourcecode.swift; path = ViewController.swift; sourceTree = "<group>"; };
		18AD24E21E5ACEC100686EA3 /* Base */ = {isa = PBXFileReference; lastKnownFileType = file.storyboard; name = Base; path = Base.lproj/Main.storyboard; sourceTree = "<group>"; };
		18AD24E51E5ACEC100686EA3 /* SwiftInke.xcdatamodel */ = {isa = PBXFileReference; lastKnownFileType = wrapper.xcdatamodel; path = SwiftInke.xcdatamodel; sourceTree = "<group>"; };
		18AD24E71E5ACEC100686EA3 /* Assets.xcassets */ = {isa = PBXFileReference; lastKnownFileType = folder.assetcatalog; path = Assets.xcassets; sourceTree = "<group>"; };
		18AD24EA1E5ACEC100686EA3 /* Base */ = {isa = PBXFileReference; lastKnownFileType = file.storyboard; name = Base; path = Base.lproj/LaunchScreen.storyboard; sourceTree = "<group>"; };
		18AD24EC1E5ACEC100686EA3 /* Info.plist */ = {isa = PBXFileReference; lastKnownFileType = text.plist.xml; path = Info.plist; sourceTree = "<group>"; };
		18AD24F11E5ACEC100686EA3 /* SwiftInkeTests.xctest */ = {isa = PBXFileReference; explicitFileType = wrapper.cfbundle; includeInIndex = 0; path = SwiftInkeTests.xctest; sourceTree = BUILT_PRODUCTS_DIR; };
		18AD24F51E5ACEC100686EA3 /* SwiftInkeTests.swift */ = {isa = PBXFileReference; lastKnownFileType = sourcecode.swift; path = SwiftInkeTests.swift; sourceTree = "<group>"; };
		18AD24F71E5ACEC100686EA3 /* Info.plist */ = {isa = PBXFileReference; lastKnownFileType = text.plist.xml; path = Info.plist; sourceTree = "<group>"; };
		18AD24FC1E5ACEC100686EA3 /* SwiftInkeUITests.xctest */ = {isa = PBXFileReference; explicitFileType = wrapper.cfbundle; includeInIndex = 0; path = SwiftInkeUITests.xctest; sourceTree = BUILT_PRODUCTS_DIR; };
		18AD25001E5ACEC100686EA3 /* SwiftInkeUITests.swift */ = {isa = PBXFileReference; lastKnownFileType = sourcecode.swift; path = SwiftInkeUITests.swift; sourceTree = "<group>"; };
		18AD25021E5ACEC100686EA3 /* Info.plist */ = {isa = PBXFileReference; lastKnownFileType = text.plist.xml; path = Info.plist; sourceTree = "<group>"; };
/* End PBXFileReference section */

/* Begin PBXFrameworksBuildPhase section */
		18AD24D71E5ACEC100686EA3 /* Frameworks */ = {
			isa = PBXFrameworksBuildPhase;
			buildActionMask = 2147483647;
			files = (
			);
			runOnlyForDeploymentPostprocessing = 0;
		};
		18AD24EE1E5ACEC100686EA3 /* Frameworks */ = {
			isa = PBXFrameworksBuildPhase;
			buildActionMask = 2147483647;
			files = (
			);
			runOnlyForDeploymentPostprocessing = 0;
		};
		18AD24F91E5ACEC100686EA3 /* Frameworks */ = {
			isa = PBXFrameworksBuildPhase;
			buildActionMask = 2147483647;
			files = (
			);
			runOnlyForDeploymentPostprocessing = 0;
		};
/* End PBXFrameworksBuildPhase section */

/* Begin PBXGroup section */
		18AD24D11E5ACEC100686EA3 = {
			isa = PBXGroup;
			children = (
				18AD24DC1E5ACEC100686EA3 /* SwiftInke */,
				18AD24F41E5ACEC100686EA3 /* SwiftInkeTests */,
				18AD24FF1E5ACEC100686EA3 /* SwiftInkeUITests */,
				18AD24DB1E5ACEC100686EA3 /* Products */,
			);
			sourceTree = "<group>";
		};
		18AD24DB1E5ACEC100686EA3 /* Products */ = {
			isa = PBXGroup;
			children = (
				18AD24DA1E5ACEC100686EA3 /* SwiftInke.app */,
				18AD24F11E5ACEC100686EA3 /* SwiftInkeTests.xctest */,
				18AD24FC1E5ACEC100686EA3 /* SwiftInkeUITests.xctest */,
			);
			name = Products;
			sourceTree = "<group>";
		};
		18AD24DC1E5ACEC100686EA3 /* SwiftInke */ = {
			isa = PBXGroup;
			children = (
				18AD24DD1E5ACEC100686EA3 /* AppDelegate.swift */,
				18AD24DF1E5ACEC100686EA3 /* ViewController.swift */,
				18AD24E11E5ACEC100686EA3 /* Main.storyboard */,
				18AD24E71E5ACEC100686EA3 /* Assets.xcassets */,
				18AD24E91E5ACEC100686EA3 /* LaunchScreen.storyboard */,
				18AD24EC1E5ACEC100686EA3 /* Info.plist */,
				18AD24E41E5ACEC100686EA3 /* SwiftInke.xcdatamodeld */,
			);
			path = SwiftInke;
			sourceTree = "<group>";
		};
		18AD24F41E5ACEC100686EA3 /* SwiftInkeTests */ = {
			isa = PBXGroup;
			children = (
				18AD24F51E5ACEC100686EA3 /* SwiftInkeTests.swift */,
				18AD24F71E5ACEC100686EA3 /* Info.plist */,
			);
			path = SwiftInkeTests;
			sourceTree = "<group>";
		};
		18AD24FF1E5ACEC100686EA3 /* SwiftInkeUITests */ = {
			isa = PBXGroup;
			children = (
				18AD25001E5ACEC100686EA3 /* SwiftInkeUITests.swift */,
				18AD25021E5ACEC100686EA3 /* Info.plist */,
			);
			path = SwiftInkeUITests;
			sourceTree = "<group>";
		};
/* End PBXGroup section */

/* Begin PBXNativeTarget section */
		18AD24D91E5ACEC100686EA3 /* SwiftInke */ = {
			isa = PBXNativeTarget;
			buildConfigurationList = 18AD25051E5ACEC100686EA3 /* Build configuration list for PBXNativeTarget "SwiftInke" */;
			buildPhases = (
				18AD24D61E5ACEC100686EA3 /* Sources */,
				18AD24D71E5ACEC100686EA3 /* Frameworks */,
				18AD24D81E5ACEC100686EA3 /* Resources */,
			);
			buildRules = (
			);
			dependencies = (
			);
			name = SwiftInke;
			productName = SwiftInke;
			productReference = 18AD24DA1E5ACEC100686EA3 /* SwiftInke.app */;
			productType = "com.apple.product-type.application";
		};
		18AD24F01E5ACEC100686EA3 /* SwiftInkeTests */ = {
			isa = PBXNativeTarget;
			buildConfigurationList = 18AD25081E5ACEC100686EA3 /* Build configuration list for PBXNativeTarget "SwiftInkeTests" */;
			buildPhases = (
				18AD24ED1E5ACEC100686EA3 /* Sources */,
				18AD24EE1E5ACEC100686EA3 /* Frameworks */,
				18AD24EF1E5ACEC100686EA3 /* Resources */,
			);
			buildRules = (
			);
			dependencies = (
				18AD24F31E5ACEC100686EA3 /* PBXTargetDependency */,
			);
			name = SwiftInkeTests;
			productName = SwiftInkeTests;
			productReference = 18AD24F11E5ACEC100686EA3 /* SwiftInkeTests.xctest */;
			productType = "com.apple.product-type.bundle.unit-test";
		};
		18AD24FB1E5ACEC100686EA3 /* SwiftInkeUITests */ = {
			isa = PBXNativeTarget;
			buildConfigurationList = 18AD250B1E5ACEC100686EA3 /* Build configuration list for PBXNativeTarget "SwiftInkeUITests" */;
			buildPhases = (
				18AD24F81E5ACEC100686EA3 /* Sources */,
				18AD24F91E5ACEC100686EA3 /* Frameworks */,
				18AD24FA1E5ACEC100686EA3 /* Resources */,
			);
			buildRules = (
			);
			dependencies = (
				18AD24FE1E5ACEC100686EA3 /* PBXTargetDependency */,
			);
			name = SwiftInkeUITests;
			productName = SwiftInkeUITests;
			productReference = 18AD24FC1E5ACEC100686EA3 /* SwiftInkeUITests.xctest */;
			productType = "com.apple.product-type.bundle.ui-testing";
		};
/* End PBXNativeTarget section */

/* Begin PBXProject section */
		18AD24D21E5ACEC100686EA3 /* Project object */ = {
			isa = PBXProject;
			attributes = {
				LastSwiftUpdateCheck = 0820;
				LastUpgradeCheck = 0820;
				ORGANIZATIONNAME = "佳豪";
				TargetAttributes = {
					18AD24D91E5ACEC100686EA3 = {
						CreatedOnToolsVersion = 8.2.1;
						ProvisioningStyle = Automatic;
					};
					18AD24F01E5ACEC100686EA3 = {
						CreatedOnToolsVersion = 8.2.1;
						ProvisioningStyle = Automatic;
						TestTargetID = 18AD24D91E5ACEC100686EA3;
					};
					18AD24FB1E5ACEC100686EA3 = {
						CreatedOnToolsVersion = 8.2.1;
						ProvisioningStyle = Automatic;
						TestTargetID = 18AD24D91E5ACEC100686EA3;
					};
				};
			};
			buildConfigurationList = 18AD24D51E5ACEC100686EA3 /* Build configuration list for PBXProject "SwiftInke" */;
			compatibilityVersion = "Xcode 3.2";
			developmentRegion = English;
			hasScannedForEncodings = 0;
			knownRegions = (
				en,
				Base,
			);
			mainGroup = 18AD24D11E5ACEC100686EA3;
			productRefGroup = 18AD24DB1E5ACEC100686EA3 /* Products */;
			projectDirPath = "";
			projectRoot = "";
			targets = (
				18AD24D91E5ACEC100686EA3 /* SwiftInke */,
				18AD24F01E5ACEC100686EA3 /* SwiftInkeTests */,
				18AD24FB1E5ACEC100686EA3 /* SwiftInkeUITests */,
			);
		};
/* End PBXProject section */

/* Begin PBXResourcesBuildPhase section */
		18AD24D81E5ACEC100686EA3 /* Resources */ = {
			isa = PBXResourcesBuildPhase;
			buildActionMask = 2147483647;
			files = (
				18AD24EB1E5ACEC100686EA3 /* LaunchScreen.storyboard in Resources */,
				18AD24E81E5ACEC100686EA3 /* Assets.xcassets in Resources */,
				18AD24E31E5ACEC100686EA3 /* Main.storyboard in Resources */,
			);
			runOnlyForDeploymentPostprocessing = 0;
		};
		18AD24EF1E5ACEC100686EA3 /* Resources */ = {
			isa = PBXResourcesBuildPhase;
			buildActionMask = 2147483647;
			files = (
			);
			runOnlyForDeploymentPostprocessing = 0;
		};
		18AD24FA1E5ACEC100686EA3 /* Resources */ = {
			isa = PBXResourcesBuildPhase;
			buildActionMask = 2147483647;
			files = (
			);
			runOnlyForDeploymentPostprocessing = 0;
		};
/* End PBXResourcesBuildPhase section */

/* Begin PBXSourcesBuildPhase section */
		18AD24D61E5ACEC100686EA3 /* Sources */ = {
			isa = PBXSourcesBuildPhase;
			buildActionMask = 2147483647;
			files = (
				18AD24E01E5ACEC100686EA3 /* ViewController.swift in Sources */,
				18AD24E61E5ACEC100686EA3 /* SwiftInke.xcdatamodeld in Sources */,
				18AD24DE1E5ACEC100686EA3 /* AppDelegate.swift in Sources */,
			);
			runOnlyForDeploymentPostprocessing = 0;
		};
		18AD24ED1E5ACEC100686EA3 /* Sources */ = {
			isa = PBXSourcesBuildPhase;
			buildActionMask = 2147483647;
			files = (
				18AD24F61E5ACEC100686EA3 /* SwiftInkeTests.swift in Sources */,
			);
			runOnlyForDeploymentPostprocessing = 0;
		};
		18AD24F81E5ACEC100686EA3 /* Sources */ = {
			isa = PBXSourcesBuildPhase;
			buildActionMask = 2147483647;
			files = (
				18AD25011E5ACEC100686EA3 /* SwiftInkeUITests.swift in Sources */,
			);
			runOnlyForDeploymentPostprocessing = 0;
		};
/* End PBXSourcesBuildPhase section */

/* Begin PBXTargetDependency section */
		18AD24F31E5ACEC100686EA3 /* PBXTargetDependency */ = {
			isa = PBXTargetDependency;
			target = 18AD24D91E5ACEC100686EA3 /* SwiftInke */;
			targetProxy = 18AD24F21E5ACEC100686EA3 /* PBXContainerItemProxy */;
		};
		18AD24FE1E5ACEC100686EA3 /* PBXTargetDependency */ = {
			isa = PBXTargetDependency;
			target = 18AD24D91E5ACEC100686EA3 /* SwiftInke */;
			targetProxy = 18AD24FD1E5ACEC100686EA3 /* PBXContainerItemProxy */;
		};
/* End PBXTargetDependency section */

/* Begin PBXVariantGroup section */
		18AD24E11E5ACEC100686EA3 /* Main.storyboard */ = {
			isa = PBXVariantGroup;
			children = (
				18AD24E21E5ACEC100686EA3 /* Base */,
			);
			name = Main.storyboard;
			sourceTree = "<group>";
		};
		18AD24E91E5ACEC100686EA3 /* LaunchScreen.storyboard */ = {
			isa = PBXVariantGroup;
			children = (
				18AD24EA1E5ACEC100686EA3 /* Base */,
			);
			name = LaunchScreen.storyboard;
			sourceTree = "<group>";
		};
/* End PBXVariantGroup section */

/* Begin XCBuildConfiguration section */
		18AD25031E5ACEC100686EA3 /* Debug */ = {
			isa = XCBuildConfiguration;
			buildSettings = {
				ALWAYS_SEARCH_USER_PATHS = NO;
				CLANG_ANALYZER_NONNULL = YES;
				CLANG_CXX_LANGUAGE_STANDARD = "gnu++0x";
				CLANG_CXX_LIBRARY = "libc++";
				CLANG_ENABLE_MODULES = YES;
				CLANG_ENABLE_OBJC_ARC = YES;
				CLANG_WARN_BOOL_CONVERSION = YES;
				CLANG_WARN_CONSTANT_CONVERSION = YES;
				CLANG_WARN_DIRECT_OBJC_ISA_USAGE = YES_ERROR;
				CLANG_WARN_DOCUMENTATION_COMMENTS = YES;
				CLANG_WARN_EMPTY_BODY = YES;
				CLANG_WARN_ENUM_CONVERSION = YES;
				CLANG_WARN_INFINITE_RECURSION = YES;
				CLANG_WARN_INT_CONVERSION = YES;
				CLANG_WARN_OBJC_ROOT_CLASS = YES_ERROR;
				CLANG_WARN_SUSPICIOUS_MOVE = YES;
				CLANG_WARN_UNREACHABLE_CODE = YES;
				CLANG_WARN__DUPLICATE_METHOD_MATCH = YES;
				"CODE_SIGN_IDENTITY[sdk=iphoneos*]" = "iPhone Developer";
				COPY_PHASE_STRIP = NO;
				DEBUG_INFORMATION_FORMAT = dwarf;
				ENABLE_STRICT_OBJC_MSGSEND = YES;
				ENABLE_TESTABILITY = YES;
				GCC_C_LANGUAGE_STANDARD = gnu99;
				GCC_DYNAMIC_NO_PIC = NO;
				GCC_NO_COMMON_BLOCKS = YES;
				GCC_OPTIMIZATION_LEVEL = 0;
				GCC_PREPROCESSOR_DEFINITIONS = (
					"DEBUG=1",
					"$(inherited)",
				);
				GCC_WARN_64_TO_32_BIT_CONVERSION = YES;
				GCC_WARN_ABOUT_RETURN_TYPE = YES_ERROR;
				GCC_WARN_UNDECLARED_SELECTOR = YES;
				GCC_WARN_UNINITIALIZED_AUTOS = YES_AGGRESSIVE;
				GCC_WARN_UNUSED_FUNCTION = YES;
				GCC_WARN_UNUSED_VARIABLE = YES;
				IPHONEOS_DEPLOYMENT_TARGET = 10.2;
				MTL_ENABLE_DEBUG_INFO = YES;
				ONLY_ACTIVE_ARCH = YES;
				SDKROOT = iphoneos;
				SWIFT_ACTIVE_COMPILATION_CONDITIONS = DEBUG;
				SWIFT_OPTIMIZATION_LEVEL = "-Onone";
				TARGETED_DEVICE_FAMILY = "1,2";
			};
			name = Debug;
		};
		18AD25041E5ACEC100686EA3 /* Release */ = {
			isa = XCBuildConfiguration;
			buildSettings = {
				ALWAYS_SEARCH_USER_PATHS = NO;
				CLANG_ANALYZER_NONNULL = YES;
				CLANG_CXX_LANGUAGE_STANDARD = "gnu++0x";
				CLANG_CXX_LIBRARY = "libc++";
				CLANG_ENABLE_MODULES = YES;
				CLANG_ENABLE_OBJC_ARC = YES;
				CLANG_WARN_BOOL_CONVERSION = YES;
				CLANG_WARN_CONSTANT_CONVERSION = YES;
				CLANG_WARN_DIRECT_OBJC_ISA_USAGE = YES_ERROR;
				CLANG_WARN_DOCUMENTATION_COMMENTS = YES;
				CLANG_WARN_EMPTY_BODY = YES;
				CLANG_WARN_ENUM_CONVERSION = YES;
				CLANG_WARN_INFINITE_RECURSION = YES;
				CLANG_WARN_INT_CONVERSION = YES;
				CLANG_WARN_OBJC_ROOT_CLASS = YES_ERROR;
				CLANG_WARN_SUSPICIOUS_MOVE = YES;
				CLANG_WARN_UNREACHABLE_CODE = YES;
				CLANG_WARN__DUPLICATE_METHOD_MATCH = YES;
				"CODE_SIGN_IDENTITY[sdk=iphoneos*]" = "iPhone Developer";
				COPY_PHASE_STRIP = NO;
				DEBUG_INFORMATION_FORMAT = "dwarf-with-dsym";
				ENABLE_NS_ASSERTIONS = NO;
				ENABLE_STRICT_OBJC_MSGSEND = YES;
				GCC_C_LANGUAGE_STANDARD = gnu99;
				GCC_NO_COMMON_BLOCKS = YES;
				GCC_WARN_64_TO_32_BIT_CONVERSION = YES;
				GCC_WARN_ABOUT_RETURN_TYPE = YES_ERROR;
				GCC_WARN_UNDECLARED_SELECTOR = YES;
				GCC_WARN_UNINITIALIZED_AUTOS = YES_AGGRESSIVE;
				GCC_WARN_UNUSED_FUNCTION = YES;
				GCC_WARN_UNUSED_VARIABLE = YES;
				IPHONEOS_DEPLOYMENT_TARGET = 10.2;
				MTL_ENABLE_DEBUG_INFO = NO;
				SDKROOT = iphoneos;
				SWIFT_OPTIMIZATION_LEVEL = "-Owholemodule";
				TARGETED_DEVICE_FAMILY = "1,2";
				VALIDATE_PRODUCT = YES;
			};
			name = Release;
		};
		18AD25061E5ACEC100686EA3 /* Debug */ = {
			isa = XCBuildConfiguration;
			buildSettings = {
				ASSETCATALOG_COMPILER_APPICON_NAME = AppIcon;
				INFOPLIST_FILE = SwiftInke/Info.plist;
				LD_RUNPATH_SEARCH_PATHS = "$(inherited) @executable_path/Frameworks";
				PRODUCT_BUNDLE_IDENTIFIER = com.jack.SwiftInke;
				PRODUCT_NAME = "$(TARGET_NAME)";
				SWIFT_VERSION = 3.0;
			};
			name = Debug;
		};
		18AD25071E5ACEC100686EA3 /* Release */ = {
			isa = XCBuildConfiguration;
			buildSettings = {
				ASSETCATALOG_COMPILER_APPICON_NAME = AppIcon;
				INFOPLIST_FILE = SwiftInke/Info.plist;
				LD_RUNPATH_SEARCH_PATHS = "$(inherited) @executable_path/Frameworks";
				PRODUCT_BUNDLE_IDENTIFIER = com.jack.SwiftInke;
				PRODUCT_NAME = "$(TARGET_NAME)";
				SWIFT_VERSION = 3.0;
			};
			name = Release;
		};
		18AD25091E5ACEC100686EA3 /* Debug */ = {
			isa = XCBuildConfiguration;
			buildSettings = {
				ALWAYS_EMBED_SWIFT_STANDARD_LIBRARIES = YES;
				BUNDLE_LOADER = "$(TEST_HOST)";
				INFOPLIST_FILE = SwiftInkeTests/Info.plist;
				LD_RUNPATH_SEARCH_PATHS = "$(inherited) @executable_path/Frameworks @loader_path/Frameworks";
				PRODUCT_BUNDLE_IDENTIFIER = com.jack.SwiftInkeTests;
				PRODUCT_NAME = "$(TARGET_NAME)";
				SWIFT_VERSION = 3.0;
				TEST_HOST = "$(BUILT_PRODUCTS_DIR)/SwiftInke.app/SwiftInke";
			};
			name = Debug;
		};
		18AD250A1E5ACEC100686EA3 /* Release */ = {
			isa = XCBuildConfiguration;
			buildSettings = {
				ALWAYS_EMBED_SWIFT_STANDARD_LIBRARIES = YES;
				BUNDLE_LOADER = "$(TEST_HOST)";
				INFOPLIST_FILE = SwiftInkeTests/Info.plist;
				LD_RUNPATH_SEARCH_PATHS = "$(inherited) @executable_path/Frameworks @loader_path/Frameworks";
				PRODUCT_BUNDLE_IDENTIFIER = com.jack.SwiftInkeTests;
				PRODUCT_NAME = "$(TARGET_NAME)";
				SWIFT_VERSION = 3.0;
				TEST_HOST = "$(BUILT_PRODUCTS_DIR)/SwiftInke.app/SwiftInke";
			};
			name = Release;
		};
		18AD250C1E5ACEC100686EA3 /* Debug */ = {
			isa = XCBuildConfiguration;
			buildSettings = {
				ALWAYS_EMBED_SWIFT_STANDARD_LIBRARIES = YES;
				INFOPLIST_FILE = SwiftInkeUITests/Info.plist;
				LD_RUNPATH_SEARCH_PATHS = "$(inherited) @executable_path/Frameworks @loader_path/Frameworks";
				PRODUCT_BUNDLE_IDENTIFIER = com.jack.SwiftInkeUITests;
				PRODUCT_NAME = "$(TARGET_NAME)";
				SWIFT_VERSION = 3.0;
				TEST_TARGET_NAME = SwiftInke;
			};
			name = Debug;
		};
		18AD250D1E5ACEC100686EA3 /* Release */ = {
			isa = XCBuildConfiguration;
			buildSettings = {
				ALWAYS_EMBED_SWIFT_STANDARD_LIBRARIES = YES;
				INFOPLIST_FILE = SwiftInkeUITests/Info.plist;
				LD_RUNPATH_SEARCH_PATHS = "$(inherited) @executable_path/Frameworks @loader_path/Frameworks";
				PRODUCT_BUNDLE_IDENTIFIER = com.jack.SwiftInkeUITests;
				PRODUCT_NAME = "$(TARGET_NAME)";
				SWIFT_VERSION = 3.0;
				TEST_TARGET_NAME = SwiftInke;
			};
			name = Release;
		};
/* End XCBuildConfiguration section */

/* Begin XCConfigurationList section */
		18AD24D51E5ACEC100686EA3 /* Build configuration list for PBXProject "SwiftInke" */ = {
			isa = XCConfigurationList;
			buildConfigurations = (
				18AD25031E5ACEC100686EA3 /* Debug */,
				18AD25041E5ACEC100686EA3 /* Release */,
			);
			defaultConfigurationIsVisible = 0;
			defaultConfigurationName = Release;
		};
		18AD25051E5ACEC100686EA3 /* Build configuration list for PBXNativeTarget "SwiftInke" */ = {
			isa = XCConfigurationList;
			buildConfigurations = (
				18AD25061E5ACEC100686EA3 /* Debug */,
				18AD25071E5ACEC100686EA3 /* Release */,
			);
			defaultConfigurationIsVisible = 0;
		};
		18AD25081E5ACEC100686EA3 /* Build configuration list for PBXNativeTarget "SwiftInkeTests" */ = {
			isa = XCConfigurationList;
			buildConfigurations = (
				18AD25091E5ACEC100686EA3 /* Debug */,
				18AD250A1E5ACEC100686EA3 /* Release */,
			);
			defaultConfigurationIsVisible = 0;
		};
		18AD250B1E5ACEC100686EA3 /* Build configuration list for PBXNativeTarget "SwiftInkeUITests" */ = {
			isa = XCConfigurationList;
			buildConfigurations = (
				18AD250C1E5ACEC100686EA3 /* Debug */,
				18AD250D1E5ACEC100686EA3 /* Release */,
			);
			defaultConfigurationIsVisible = 0;
		};
/* End XCConfigurationList section */

/* Begin XCVersionGroup section */
		18AD24E41E5ACEC100686EA3 /* SwiftInke.xcdatamodeld */ = {
			isa = XCVersionGroup;
			children = (
				18AD24E51E5ACEC100686EA3 /* SwiftInke.xcdatamodel */,
			);
			currentVersion = 18AD24E51E5ACEC100686EA3 /* SwiftInke.xcdatamodel */;
			path = SwiftInke.xcdatamodeld;
			sourceTree = "<group>";
			versionGroupType = wrapper.xcdatamodel;
		};
/* End XCVersionGroup section */
	};
	rootObject = 18AD24D21E5ACEC100686EA3 /* Project object */;
}
